
Microsoft Visual Studio Solution File, Format Version 12.00
# Visual Studio Version 17
VisualStudioVersion = 17.7.34031.279
MinimumVisualStudioVersion = 10.0.40219.1
Project("{9A19103F-16F7-4668-BE54-9A1E7A4F7556}") = "StoreApp", "StoreApp\StoreApp.csproj", "{FAA64512-B78A-4581-897A-098E1EBC1F26}"
EndProject
Project("{9A19103F-16F7-4668-BE54-9A1E7A4F7556}") = "StoreApp.Entities", "StoreApp.Entities\StoreApp.Entities.csproj", "{D4B82EA1-BF4A-4712-8B98-B5E6BEC8E150}"
EndProject
Project("{9A19103F-16F7-4668-BE54-9A1E7A4F7556}") = "StoreApp.DataAccess", "StoreApp.DataAccess\StoreApp.DataAccess.csproj", "{150D6CFE-BFE8-4E75-9599-61B6E4F8EBA1}"
EndProject
Project("{9A19103F-16F7-4668-BE54-9A1E7A4F7556}") = "StoreApp.Business", "StoreApp.Bussiness\StoreApp.Business.csproj", "{56A13CB3-9528-4444-AE7D-2AB981B2E124}"
EndProject
Global
	GlobalSection(SolutionConfigurationPlatforms) = preSolution
		Debug|Any CPU = Debug|Any CPU
		Release|Any CPU = Release|Any CPU
	EndGlobalSection
	GlobalSection(ProjectConfigurationPlatforms) = postSolution
		{FAA64512-B78A-4581-897A-098E1EBC1F26}.Debug|Any CPU.ActiveCfg = Debug|Any CPU
		{FAA64512-B78A-4581-897A-098E1EBC1F26}.Debug|Any CPU.Build.0 = Debug|Any CPU
		{FAA64512-B78A-4581-897A-098E1EBC1F26}.Release|Any CPU.ActiveCfg = Release|Any CPU
		{FAA64512-B78A-4581-897A-098E1EBC1F26}.Release|Any CPU.Build.0 = Release|Any CPU
		{D4B82EA1-BF4A-4712-8B98-B5E6BEC8E150}.Debug|Any CPU.ActiveCfg = Debug|Any CPU
		{D4B82EA1-BF4A-4712-8B98-B5E6BEC8E150}.Debug|Any CPU.Build.0 = Debug|Any CPU
		{D4B82EA1-BF4A-4712-8B98-B5E6BEC8E150}.Release|Any CPU.ActiveCfg = Release|Any CPU
		{D4B82EA1-BF4A-4712-8B98-B5E6BEC8E150}.Release|Any CPU.Build.0 = Release|Any CPU
		{150D6CFE-BFE8-4E75-9599-61B6E4F8EBA1}.Debug|Any CPU.ActiveCfg = Debug|Any CPU
		{150D6CFE-BFE8-4E75-9599-61B6E4F8EBA1}.Debug|Any CPU.Build.0 = Debug|Any CPU
		{150D6CFE-BFE8-4E75-9599-61B6E4F8EBA1}.Release|Any CPU.ActiveCfg = Release|Any CPU
		{150D6CFE-BFE8-4E75-9599-61B6E4F8EBA1}.Release|Any CPU.Build.0 = Release|Any CPU
		{56A13CB3-9528-4444-AE7D-2AB981B2E124}.Debug|Any CPU.ActiveCfg = Debug|Any CPU
		{56A13CB3-9528-4444-AE7D-2AB981B2E124}.Debug|Any CPU.Build.0 = Debug|Any CPU
		{56A13CB3-9528-4444-AE7D-2AB981B2E124}.Release|Any CPU.ActiveCfg = Release|Any CPU
		{56A13CB3-9528-4444-AE7D-2AB981B2E124}.Release|Any CPU.Build.0 = Release|Any CPU
	EndGlobalSection
	GlobalSection(SolutionProperties) = preSolution
		HideSolutionNode = FALSE
	EndGlobalSection
	GlobalSection(ExtensibilityGlobals) = postSolution
		SolutionGuid = {6E58C4B6-899A-44B7-AF3B-CF737F3D4CA8}
	EndGlobalSection
EndGlobal
